
Microsoft Visual Studio Solution File, Format Version 12.00
# Visual Studio 2013
VisualStudioVersion = 12.0.21005.1
MinimumVisualStudioVersion = 10.0.40219.1
Project("{FAE04EC0-301F-11D3-BF4B-00C04F79EFBC}") = "a2m", "a2m\a2m.csproj", "{6E0F6905-71CC-4CEB-B0AC-04EE33DB698D}"
EndProject
Project("{FAE04EC0-301F-11D3-BF4B-00C04F79EFBC}") = "a2m.Tests", "a2m.Tests\a2m.Tests.csproj", "{91B73F62-55B5-4118-BBAC-0C8986E83693}"
EndProject
Project("{FAE04EC0-301F-11D3-BF4B-00C04F79EFBC}") = "a2mbl", "a2mbl\a2mbl.csproj", "{74E80B55-F108-4951-8158-31D93823A580}"
EndProject
Global
	GlobalSection(SolutionConfigurationPlatforms) = preSolution
		Debug|Any CPU = Debug|Any CPU
		Release|Any CPU = Release|Any CPU
	EndGlobalSection
	GlobalSection(ProjectConfigurationPlatforms) = postSolution
		{6E0F6905-71CC-4CEB-B0AC-04EE33DB698D}.Debug|Any CPU.ActiveCfg = Debug|Any CPU
		{6E0F6905-71CC-4CEB-B0AC-04EE33DB698D}.Debug|Any CPU.Build.0 = Debug|Any CPU
		{6E0F6905-71CC-4CEB-B0AC-04EE33DB698D}.Release|Any CPU.ActiveCfg = Release|Any CPU
		{6E0F6905-71CC-4CEB-B0AC-04EE33DB698D}.Release|Any CPU.Build.0 = Release|Any CPU
		{91B73F62-55B5-4118-BBAC-0C8986E83693}.Debug|Any CPU.ActiveCfg = Debug|Any CPU
		{91B73F62-55B5-4118-BBAC-0C8986E83693}.Debug|Any CPU.Build.0 = Debug|Any CPU
		{91B73F62-55B5-4118-BBAC-0C8986E83693}.Release|Any CPU.ActiveCfg = Release|Any CPU
		{91B73F62-55B5-4118-BBAC-0C8986E83693}.Release|Any CPU.Build.0 = Release|Any CPU
		{74E80B55-F108-4951-8158-31D93823A580}.Debug|Any CPU.ActiveCfg = Debug|Any CPU
		{74E80B55-F108-4951-8158-31D93823A580}.Debug|Any CPU.Build.0 = Debug|Any CPU
		{74E80B55-F108-4951-8158-31D93823A580}.Release|Any CPU.ActiveCfg = Release|Any CPU
		{74E80B55-F108-4951-8158-31D93823A580}.Release|Any CPU.Build.0 = Release|Any CPU
	EndGlobalSection
	GlobalSection(SolutionProperties) = preSolution
		HideSolutionNode = FALSE
	EndGlobalSection
EndGlobal
